
Microsoft Visual Studio Solution File, Format Version 12.00
# Visual Studio 15
VisualStudioVersion = 15.0.27428.2037
MinimumVisualStudioVersion = 10.0.40219.1
Project("{FAE04EC0-301F-11D3-BF4B-00C04F79EFBC}") = "SignalR", "SignalR\SignalR.csproj", "{357F9F5A-FAA6-4DA1-ACA1-5027AE429CE4}"
EndProject
Global
	GlobalSection(SolutionConfigurationPlatforms) = preSolution
		Debug|Any CPU = Debug|Any CPU
		Release|Any CPU = Release|Any CPU
	EndGlobalSection
	GlobalSection(ProjectConfigurationPlatforms) = postSolution
		{357F9F5A-FAA6-4DA1-ACA1-5027AE429CE4}.Debug|Any CPU.ActiveCfg = Debug|Any CPU
		{357F9F5A-FAA6-4DA1-ACA1-5027AE429CE4}.Debug|Any CPU.Build.0 = Debug|Any CPU
		{357F9F5A-FAA6-4DA1-ACA1-5027AE429CE4}.Release|Any CPU.ActiveCfg = Release|Any CPU
		{357F9F5A-FAA6-4DA1-ACA1-5027AE429CE4}.Release|Any CPU.Build.0 = Release|Any CPU
	EndGlobalSection
	GlobalSection(SolutionProperties) = preSolution
		HideSolutionNode = FALSE
	EndGlobalSection
	GlobalSection(ExtensibilityGlobals) = postSolution
		SolutionGuid = {C4491223-3A09-4820-B454-3AE592FC92C5}
	EndGlobalSection
EndGlobal
